{
  "name": "SPAAtividade",
  "lockfileVersion": 3,
  "requires": true,
  "packages": {},
  "scripts": {
    "test": "echo \"Error: no test specified\" && exit 1",
    "start": "node script.js",
    "build": "tsc"
  },
  "dependencies": {
    "express": "^4.18.2"
  },
  "devDependencies": {
    "typescript": "^5.5.2"
  }
}
